// !$*UTF8*$!
{
	archiveVersion = 1;
	classes = {
	};
	objectVersion = 46;
	objects = {

/* Begin PBXBuildFile section */
		C8FB48D61CF6D3AB00BFE1E7 /* main.m in Sources */ = {isa = PBXBuildFile; fileRef = C8FB48D51CF6D3AB00BFE1E7 /* main.m */; };
		C8FB48D91CF6D3AB00BFE1E7 /* AppDelegate.m in Sources */ = {isa = PBXBuildFile; fileRef = C8FB48D81CF6D3AB00BFE1E7 /* AppDelegate.m */; };
		C8FB48DC1CF6D3AB00BFE1E7 /* ViewController.m in Sources */ = {isa = PBXBuildFile; fileRef = C8FB48DB1CF6D3AB00BFE1E7 /* ViewController.m */; };
		C8FB48DF1CF6D3AB00BFE1E7 /* Main.storyboard in Resources */ = {isa = PBXBuildFile; fileRef = C8FB48DD1CF6D3AB00BFE1E7 /* Main.storyboard */; };
		C8FB48E11CF6D3AB00BFE1E7 /* Assets.xcassets in Resources */ = {isa = PBXBuildFile; fileRef = C8FB48E01CF6D3AB00BFE1E7 /* Assets.xcassets */; };
		C8FB48E41CF6D3AB00BFE1E7 /* LaunchScreen.storyboard in Resources */ = {isa = PBXBuildFile; fileRef = C8FB48E21CF6D3AB00BFE1E7 /* LaunchScreen.storyboard */; };
		C8FB48ED1CF6D3CE00BFE1E7 /* FlipContainerView.m in Sources */ = {isa = PBXBuildFile; fileRef = C8FB48EC1CF6D3CE00BFE1E7 /* FlipContainerView.m */; };
/* End PBXBuildFile section */

/* Begin PBXFileReference section */
		C8FB48D11CF6D3AB00BFE1E7 /* flipViewDemo.app */ = {isa = PBXFileReference; explicitFileType = wrapper.application; includeInIndex = 0; path = flipViewDemo.app; sourceTree = BUILT_PRODUCTS_DIR; };
		C8FB48D51CF6D3AB00BFE1E7 /* main.m */ = {isa = PBXFileReference; lastKnownFileType = sourcecode.c.objc; path = main.m; sourceTree = "<group>"; };
		C8FB48D71CF6D3AB00BFE1E7 /* AppDelegate.h */ = {isa = PBXFileReference; lastKnownFileType = sourcecode.c.h; path = AppDelegate.h; sourceTree = "<group>"; };
		C8FB48D81CF6D3AB00BFE1E7 /* AppDelegate.m */ = {isa = PBXFileReference; lastKnownFileType = sourcecode.c.objc; path = AppDelegate.m; sourceTree = "<group>"; };
		C8FB48DA1CF6D3AB00BFE1E7 /* ViewController.h */ = {isa = PBXFileReference; lastKnownFileType = sourcecode.c.h; path = ViewController.h; sourceTree = "<group>"; };
		C8FB48DB1CF6D3AB00BFE1E7 /* ViewController.m */ = {isa = PBXFileReference; lastKnownFileType = sourcecode.c.objc; path = ViewController.m; sourceTree = "<group>"; };
		C8FB48DE1CF6D3AB00BFE1E7 /* Base */ = {isa = PBXFileReference; lastKnownFileType = file.storyboard; name = Base; path = Base.lproj/Main.storyboard; sourceTree = "<group>"; };
		C8FB48E01CF6D3AB00BFE1E7 /* Assets.xcassets */ = {isa = PBXFileReference; lastKnownFileType = folder.assetcatalog; path = Assets.xcassets; sourceTree = "<group>"; };
		C8FB48E31CF6D3AB00BFE1E7 /* Base */ = {isa = PBXFileReference; lastKnownFileType = file.storyboard; name = Base; path = Base.lproj/LaunchScreen.storyboard; sourceTree = "<group>"; };
		C8FB48E51CF6D3AB00BFE1E7 /* Info.plist */ = {isa = PBXFileReference; lastKnownFileType = text.plist.xml; path = Info.plist; sourceTree = "<group>"; };
		C8FB48EB1CF6D3CE00BFE1E7 /* FlipContainerView.h */ = {isa = PBXFileReference; fileEncoding = 4; lastKnownFileType = sourcecode.c.h; path = FlipContainerView.h; sourceTree = "<group>"; };
		C8FB48EC1CF6D3CE00BFE1E7 /* FlipContainerView.m */ = {isa = PBXFileReference; fileEncoding = 4; lastKnownFileType = sourcecode.c.objc; path = FlipContainerView.m; sourceTree = "<group>"; };
/* End PBXFileReference section */

/* Begin PBXFrameworksBuildPhase section */
		C8FB48CE1CF6D3AB00BFE1E7 /* Frameworks */ = {
			isa = PBXFrameworksBuildPhase;
			buildActionMask = 2147483647;
			files = (
			);
			runOnlyForDeploymentPostprocessing = 0;
		};
/* End PBXFrameworksBuildPhase section */

/* Begin PBXGroup section */
		C8FB48C81CF6D3AB00BFE1E7 = {
			isa = PBXGroup;
			children = (
				C8FB48D31CF6D3AB00BFE1E7 /* flipViewDemo */,
				C8FB48D21CF6D3AB00BFE1E7 /* Products */,
			);
			sourceTree = "<group>";
		};
		C8FB48D21CF6D3AB00BFE1E7 /* Products */ = {
			isa = PBXGroup;
			children = (
				C8FB48D11CF6D3AB00BFE1E7 /* flipViewDemo.app */,
			);
			name = Products;
			sourceTree = "<group>";
		};
		C8FB48D31CF6D3AB00BFE1E7 /* flipViewDemo */ = {
			isa = PBXGroup;
			children = (
				C8FB48EB1CF6D3CE00BFE1E7 /* FlipContainerView.h */,
				C8FB48EC1CF6D3CE00BFE1E7 /* FlipContainerView.m */,
				C8FB48D71CF6D3AB00BFE1E7 /* AppDelegate.h */,
				C8FB48D81CF6D3AB00BFE1E7 /* AppDelegate.m */,
				C8FB48DA1CF6D3AB00BFE1E7 /* ViewController.h */,
				C8FB48DB1CF6D3AB00BFE1E7 /* ViewController.m */,
				C8FB48DD1CF6D3AB00BFE1E7 /* Main.storyboard */,
				C8FB48E01CF6D3AB00BFE1E7 /* Assets.xcassets */,
				C8FB48E21CF6D3AB00BFE1E7 /* LaunchScreen.storyboard */,
				C8FB48E51CF6D3AB00BFE1E7 /* Info.plist */,
				C8FB48D41CF6D3AB00BFE1E7 /* Supporting Files */,
			);
			path = flipViewDemo;
			sourceTree = "<group>";
		};
		C8FB48D41CF6D3AB00BFE1E7 /* Supporting Files */ = {
			isa = PBXGroup;
			children = (
				C8FB48D51CF6D3AB00BFE1E7 /* main.m */,
			);
			name = "Supporting Files";
			sourceTree = "<group>";
		};
/* End PBXGroup section */

/* Begin PBXNativeTarget section */
		C8FB48D01CF6D3AB00BFE1E7 /* flipViewDemo */ = {
			isa = PBXNativeTarget;
			buildConfigurationList = C8FB48E81CF6D3AB00BFE1E7 /* Build configuration list for PBXNativeTarget "flipViewDemo" */;
			buildPhases = (
				C8FB48CD1CF6D3AB00BFE1E7 /* Sources */,
				C8FB48CE1CF6D3AB00BFE1E7 /* Frameworks */,
				C8FB48CF1CF6D3AB00BFE1E7 /* Resources */,
			);
			buildRules = (
			);
			dependencies = (
			);
			name = flipViewDemo;
			productName = flipViewDemo;
			productReference = C8FB48D11CF6D3AB00BFE1E7 /* flipViewDemo.app */;
			productType = "com.apple.product-type.application";
		};
/* End PBXNativeTarget section */

/* Begin PBXProject section */
		C8FB48C91CF6D3AB00BFE1E7 /* Project object */ = {
			isa = PBXProject;
			attributes = {
				LastUpgradeCheck = 0730;
				ORGANIZATIONNAME = snailCC;
				TargetAttributes = {
					C8FB48D01CF6D3AB00BFE1E7 = {
						CreatedOnToolsVersion = 7.3;
						DevelopmentTeam = D3T2948R27;
					};
				};
			};
			buildConfigurationList = C8FB48CC1CF6D3AB00BFE1E7 /* Build configuration list for PBXProject "flipViewDemo" */;
			compatibilityVersion = "Xcode 3.2";
			developmentRegion = English;
			hasScannedForEncodings = 0;
			knownRegions = (
				en,
				Base,
			);
			mainGroup = C8FB48C81CF6D3AB00BFE1E7;
			productRefGroup = C8FB48D21CF6D3AB00BFE1E7 /* Products */;
			projectDirPath = "";
			projectRoot = "";
			targets = (
				C8FB48D01CF6D3AB00BFE1E7 /* flipViewDemo */,
			);
		};
/* End PBXProject section */

/* Begin PBXResourcesBuildPhase section */
		C8FB48CF1CF6D3AB00BFE1E7 /* Resources */ = {
			isa = PBXResourcesBuildPhase;
			buildActionMask = 2147483647;
			files = (
				C8FB48E41CF6D3AB00BFE1E7 /* LaunchScreen.storyboard in Resources */,
				C8FB48E11CF6D3AB00BFE1E7 /* Assets.xcassets in Resources */,
				C8FB48DF1CF6D3AB00BFE1E7 /* Main.storyboard in Resources */,
			);
			runOnlyForDeploymentPostprocessing = 0;
		};
/* End PBXResourcesBuildPhase section */

/* Begin PBXSourcesBuildPhase section */
		C8FB48CD1CF6D3AB00BFE1E7 /* Sources */ = {
			isa = PBXSourcesBuildPhase;
			buildActionMask = 2147483647;
			files = (
				C8FB48DC1CF6D3AB00BFE1E7 /* ViewController.m in Sources */,
				C8FB48D91CF6D3AB00BFE1E7 /* AppDelegate.m in Sources */,
				C8FB48D61CF6D3AB00BFE1E7 /* main.m in Sources */,
				C8FB48ED1CF6D3CE00BFE1E7 /* FlipContainerView.m in Sources */,
			);
			runOnlyForDeploymentPostprocessing = 0;
		};
/* End PBXSourcesBuildPhase section */

/* Begin PBXVariantGroup section */
		C8FB48DD1CF6D3AB00BFE1E7 /* Main.storyboard */ = {
			isa = PBXVariantGroup;
			children = (
				C8FB48DE1CF6D3AB00BFE1E7 /* Base */,
			);
			name = Main.storyboard;
			sourceTree = "<group>";
		};
		C8FB48E21CF6D3AB00BFE1E7 /* LaunchScreen.storyboard */ = {
			isa = PBXVariantGroup;
			children = (
				C8FB48E31CF6D3AB00BFE1E7 /* Base */,
			);
			name = LaunchScreen.storyboard;
			sourceTree = "<group>";
		};
/* End PBXVariantGroup section */

/* Begin XCBuildConfiguration section */
		C8FB48E61CF6D3AB00BFE1E7 /* Debug */ = {
			isa = XCBuildConfiguration;
			buildSettings = {
				ALWAYS_SEARCH_USER_PATHS = NO;
				CLANG_ANALYZER_NONNULL = YES;
				CLANG_CXX_LANGUAGE_STANDARD = "gnu++0x";
				CLANG_CXX_LIBRARY = "libc++";
				CLANG_ENABLE_MODULES = YES;
				CLANG_ENABLE_OBJC_ARC = YES;
				CLANG_WARN_BOOL_CONVERSION = YES;
				CLANG_WARN_CONSTANT_CONVERSION = YES;
				CLANG_WARN_DIRECT_OBJC_ISA_USAGE = YES_ERROR;
				CLANG_WARN_EMPTY_BODY = YES;
				CLANG_WARN_ENUM_CONVERSION = YES;
				CLANG_WARN_INT_CONVERSION = YES;
				CLANG_WARN_OBJC_ROOT_CLASS = YES_ERROR;
				CLANG_WARN_UNREACHABLE_CODE = YES;
				CLANG_WARN__DUPLICATE_METHOD_MATCH = YES;
				"CODE_SIGN_IDENTITY[sdk=iphoneos*]" = "iPhone Developer";
				COPY_PHASE_STRIP = NO;
				DEBUG_INFORMATION_FORMAT = dwarf;
				ENABLE_STRICT_OBJC_MSGSEND = YES;
				ENABLE_TESTABILITY = YES;
				GCC_C_LANGUAGE_STANDARD = gnu99;
				GCC_DYNAMIC_NO_PIC = NO;
				GCC_NO_COMMON_BLOCKS = YES;
				GCC_OPTIMIZATION_LEVEL = 0;
				GCC_PREPROCESSOR_DEFINITIONS = (
					"DEBUG=1",
					"$(inherited)",
				);
				GCC_WARN_64_TO_32_BIT_CONVERSION = YES;
				GCC_WARN_ABOUT_RETURN_TYPE = YES_ERROR;
				GCC_WARN_UNDECLARED_SELECTOR = YES;
				GCC_WARN_UNINITIALIZED_AUTOS = YES_AGGRESSIVE;
				GCC_WARN_UNUSED_FUNCTION = YES;
				GCC_WARN_UNUSED_VARIABLE = YES;
				IPHONEOS_DEPLOYMENT_TARGET = 9.3;
				MTL_ENABLE_DEBUG_INFO = YES;
				ONLY_ACTIVE_ARCH = YES;
				SDKROOT = iphoneos;
				TARGETED_DEVICE_FAMILY = "1,2";
			};
			name = Debug;
		};
		C8FB48E71CF6D3AB00BFE1E7 /* Release */ = {
			isa = XCBuildConfiguration;
			buildSettings = {
				ALWAYS_SEARCH_USER_PATHS = NO;
				CLANG_ANALYZER_NONNULL = YES;
				CLANG_CXX_LANGUAGE_STANDARD = "gnu++0x";
				CLANG_CXX_LIBRARY = "libc++";
				CLANG_ENABLE_MODULES = YES;
				CLANG_ENABLE_OBJC_ARC = YES;
				CLANG_WARN_BOOL_CONVERSION = YES;
				CLANG_WARN_CONSTANT_CONVERSION = YES;
				CLANG_WARN_DIRECT_OBJC_ISA_USAGE = YES_ERROR;
				CLANG_WARN_EMPTY_BODY = YES;
				CLANG_WARN_ENUM_CONVERSION = YES;
				CLANG_WARN_INT_CONVERSION = YES;
				CLANG_WARN_OBJC_ROOT_CLASS = YES_ERROR;
				CLANG_WARN_UNREACHABLE_CODE = YES;
				CLANG_WARN__DUPLICATE_METHOD_MATCH = YES;
				"CODE_SIGN_IDENTITY[sdk=iphoneos*]" = "iPhone Developer";
				COPY_PHASE_STRIP = NO;
				DEBUG_INFORMATION_FORMAT = "dwarf-with-dsym";
				ENABLE_NS_ASSERTIONS = NO;
				ENABLE_STRICT_OBJC_MSGSEND = YES;
				GCC_C_LANGUAGE_STANDARD = gnu99;
				GCC_NO_COMMON_BLOCKS = YES;
				GCC_WARN_64_TO_32_BIT_CONVERSION = YES;
				GCC_WARN_ABOUT_RETURN_TYPE = YES_ERROR;
				GCC_WARN_UNDECLARED_SELECTOR = YES;
				GCC_WARN_UNINITIALIZED_AUTOS = YES_AGGRESSIVE;
				GCC_WARN_UNUSED_FUNCTION = YES;
				GCC_WARN_UNUSED_VARIABLE = YES;
				IPHONEOS_DEPLOYMENT_TARGET = 9.3;
				MTL_ENABLE_DEBUG_INFO = NO;
				SDKROOT = iphoneos;
				TARGETED_DEVICE_FAMILY = "1,2";
				VALIDATE_PRODUCT = YES;
			};
			name = Release;
		};
		C8FB48E91CF6D3AB00BFE1E7 /* Debug */ = {
			isa = XCBuildConfiguration;
			buildSettings = {
				ASSETCATALOG_COMPILER_APPICON_NAME = AppIcon;
				INFOPLIST_FILE = flipViewDemo/Info.plist;
				LD_RUNPATH_SEARCH_PATHS = "$(inherited) @executable_path/Frameworks";
				PRODUCT_BUNDLE_IDENTIFIER = snail.snailgame.flipViewDemo;
				PRODUCT_NAME = "$(TARGET_NAME)";
			};
			name = Debug;
		};
		C8FB48EA1CF6D3AB00BFE1E7 /* Release */ = {
			isa = XCBuildConfiguration;
			buildSettings = {
				ASSETCATALOG_COMPILER_APPICON_NAME = AppIcon;
				INFOPLIST_FILE = flipViewDemo/Info.plist;
				LD_RUNPATH_SEARCH_PATHS = "$(inherited) @executable_path/Frameworks";
				PRODUCT_BUNDLE_IDENTIFIER = snail.snailgame.flipViewDemo;
				PRODUCT_NAME = "$(TARGET_NAME)";
			};
			name = Release;
		};
/* End XCBuildConfiguration section */

/* Begin XCConfigurationList section */
		C8FB48CC1CF6D3AB00BFE1E7 /* Build configuration list for PBXProject "flipViewDemo" */ = {
			isa = XCConfigurationList;
			buildConfigurations = (
				C8FB48E61CF6D3AB00BFE1E7 /* Debug */,
				C8FB48E71CF6D3AB00BFE1E7 /* Release */,
			);
			defaultConfigurationIsVisible = 0;
			defaultConfigurationName = Release;
		};
		C8FB48E81CF6D3AB00BFE1E7 /* Build configuration list for PBXNativeTarget "flipViewDemo" */ = {
			isa = XCConfigurationList;
			buildConfigurations = (
				C8FB48E91CF6D3AB00BFE1E7 /* Debug */,
				C8FB48EA1CF6D3AB00BFE1E7 /* Release */,
			);
			defaultConfigurationIsVisible = 0;
		};
/* End XCConfigurationList section */
	};
	rootObject = C8FB48C91CF6D3AB00BFE1E7 /* Project object */;
}
